// !$*UTF8*$!
{
	archiveVersion = 1;
	classes = {
	};
	objectVersion = 56;
	objects = {

/* Begin PBXBuildFile section */
		BB9F9A0329EDD44D0093C6E5 /* Cabify_ShopApp.swift in Sources */ = {isa = PBXBuildFile; fileRef = BB9F9A0229EDD44D0093C6E5 /* Cabify_ShopApp.swift */; };
		BB9F9A0529EDD44D0093C6E5 /* BrowseView.swift in Sources */ = {isa = PBXBuildFile; fileRef = BB9F9A0429EDD44D0093C6E5 /* BrowseView.swift */; };
		BB9F9A0729EDD44F0093C6E5 /* Assets.xcassets in Resources */ = {isa = PBXBuildFile; fileRef = BB9F9A0629EDD44F0093C6E5 /* Assets.xcassets */; };
		BB9F9A0A29EDD44F0093C6E5 /* Preview Assets.xcassets in Resources */ = {isa = PBXBuildFile; fileRef = BB9F9A0929EDD44F0093C6E5 /* Preview Assets.xcassets */; };
		BB9F9A1429EDD44F0093C6E5 /* Cabify_ShopTests.swift in Sources */ = {isa = PBXBuildFile; fileRef = BB9F9A1329EDD44F0093C6E5 /* Cabify_ShopTests.swift */; };
		BB9F9A1E29EDD44F0093C6E5 /* Cabify_ShopUITests.swift in Sources */ = {isa = PBXBuildFile; fileRef = BB9F9A1D29EDD44F0093C6E5 /* Cabify_ShopUITests.swift */; };
		BB9F9A2029EDD44F0093C6E5 /* Cabify_ShopUITestsLaunchTests.swift in Sources */ = {isa = PBXBuildFile; fileRef = BB9F9A1F29EDD44F0093C6E5 /* Cabify_ShopUITestsLaunchTests.swift */; };
		BB9F9A2D29EF13A50093C6E5 /* BrowseView-ViewModel.swift in Sources */ = {isa = PBXBuildFile; fileRef = BB9F9A2C29EF13A50093C6E5 /* BrowseView-ViewModel.swift */; };
		BB9F9A3629EF14910093C6E5 /* ProductView.swift in Sources */ = {isa = PBXBuildFile; fileRef = BB9F9A3529EF14910093C6E5 /* ProductView.swift */; };
		BB9F9A3829EF17ED0093C6E5 /* QuantitySelectView.swift in Sources */ = {isa = PBXBuildFile; fileRef = BB9F9A3729EF17ED0093C6E5 /* QuantitySelectView.swift */; };
		BB9F9A3E29EF278E0093C6E5 /* BannerView.swift in Sources */ = {isa = PBXBuildFile; fileRef = BB9F9A3D29EF278E0093C6E5 /* BannerView.swift */; };
		BB9F9A4029EF27D20093C6E5 /* ProductsGridView.swift in Sources */ = {isa = PBXBuildFile; fileRef = BB9F9A3F29EF27D20093C6E5 /* ProductsGridView.swift */; };
		BB9F9A4329EF29A60093C6E5 /* ProductImage.swift in Sources */ = {isa = PBXBuildFile; fileRef = BB9F9A4229EF29A60093C6E5 /* ProductImage.swift */; };
		BBB59E0629F059CA0047B23F /* ProductsService in Frameworks */ = {isa = PBXBuildFile; productRef = BBB59E0529F059CA0047B23F /* ProductsService */; };
		BBB59E0A29F069CE0047B23F /* ViewCartButtonView.swift in Sources */ = {isa = PBXBuildFile; fileRef = BBB59E0929F069CE0047B23F /* ViewCartButtonView.swift */; };
		BBB59E0D29F06D9F0047B23F /* ProductCartView.swift in Sources */ = {isa = PBXBuildFile; fileRef = BBB59E0C29F06D9F0047B23F /* ProductCartView.swift */; };
		BBB59E0F29F070B20047B23F /* CartView.swift in Sources */ = {isa = PBXBuildFile; fileRef = BBB59E0E29F070B20047B23F /* CartView.swift */; };
		BBB59E1129F17F5D0047B23F /* PriceCartView.swift in Sources */ = {isa = PBXBuildFile; fileRef = BBB59E1029F17F5D0047B23F /* PriceCartView.swift */; };
		BBB59E1629F18DA70047B23F /* CircleButtonView.swift in Sources */ = {isa = PBXBuildFile; fileRef = BBB59E1529F18DA70047B23F /* CircleButtonView.swift */; };
		BBB59E1929F18E170047B23F /* CircleButtonType.swift in Sources */ = {isa = PBXBuildFile; fileRef = BBB59E1829F18E170047B23F /* CircleButtonType.swift */; };
/* End PBXBuildFile section */

/* Begin PBXContainerItemProxy section */
		BB9F9A1029EDD44F0093C6E5 /* PBXContainerItemProxy */ = {
			isa = PBXContainerItemProxy;
			containerPortal = BB9F99F729EDD44D0093C6E5 /* Project object */;
			proxyType = 1;
			remoteGlobalIDString = BB9F99FE29EDD44D0093C6E5;
			remoteInfo = "Cabify Shop";
		};
		BB9F9A1A29EDD44F0093C6E5 /* PBXContainerItemProxy */ = {
			isa = PBXContainerItemProxy;
			containerPortal = BB9F99F729EDD44D0093C6E5 /* Project object */;
			proxyType = 1;
			remoteGlobalIDString = BB9F99FE29EDD44D0093C6E5;
			remoteInfo = "Cabify Shop";
		};
/* End PBXContainerItemProxy section */

/* Begin PBXFileReference section */
		BB9F99FF29EDD44D0093C6E5 /* Cabify Shop.app */ = {isa = PBXFileReference; explicitFileType = wrapper.application; includeInIndex = 0; path = "Cabify Shop.app"; sourceTree = BUILT_PRODUCTS_DIR; };
		BB9F9A0229EDD44D0093C6E5 /* Cabify_ShopApp.swift */ = {isa = PBXFileReference; lastKnownFileType = sourcecode.swift; path = Cabify_ShopApp.swift; sourceTree = "<group>"; };
		BB9F9A0429EDD44D0093C6E5 /* BrowseView.swift */ = {isa = PBXFileReference; lastKnownFileType = sourcecode.swift; path = BrowseView.swift; sourceTree = "<group>"; };
		BB9F9A0629EDD44F0093C6E5 /* Assets.xcassets */ = {isa = PBXFileReference; lastKnownFileType = folder.assetcatalog; path = Assets.xcassets; sourceTree = "<group>"; };
		BB9F9A0929EDD44F0093C6E5 /* Preview Assets.xcassets */ = {isa = PBXFileReference; lastKnownFileType = folder.assetcatalog; path = "Preview Assets.xcassets"; sourceTree = "<group>"; };
		BB9F9A0F29EDD44F0093C6E5 /* Cabify ShopTests.xctest */ = {isa = PBXFileReference; explicitFileType = wrapper.cfbundle; includeInIndex = 0; path = "Cabify ShopTests.xctest"; sourceTree = BUILT_PRODUCTS_DIR; };
		BB9F9A1329EDD44F0093C6E5 /* Cabify_ShopTests.swift */ = {isa = PBXFileReference; lastKnownFileType = sourcecode.swift; path = Cabify_ShopTests.swift; sourceTree = "<group>"; };
		BB9F9A1929EDD44F0093C6E5 /* Cabify ShopUITests.xctest */ = {isa = PBXFileReference; explicitFileType = wrapper.cfbundle; includeInIndex = 0; path = "Cabify ShopUITests.xctest"; sourceTree = BUILT_PRODUCTS_DIR; };
		BB9F9A1D29EDD44F0093C6E5 /* Cabify_ShopUITests.swift */ = {isa = PBXFileReference; lastKnownFileType = sourcecode.swift; path = Cabify_ShopUITests.swift; sourceTree = "<group>"; };
		BB9F9A1F29EDD44F0093C6E5 /* Cabify_ShopUITestsLaunchTests.swift */ = {isa = PBXFileReference; lastKnownFileType = sourcecode.swift; path = Cabify_ShopUITestsLaunchTests.swift; sourceTree = "<group>"; };
		BB9F9A2C29EF13A50093C6E5 /* BrowseView-ViewModel.swift */ = {isa = PBXFileReference; lastKnownFileType = sourcecode.swift; path = "BrowseView-ViewModel.swift"; sourceTree = "<group>"; };
		BB9F9A3529EF14910093C6E5 /* ProductView.swift */ = {isa = PBXFileReference; lastKnownFileType = sourcecode.swift; path = ProductView.swift; sourceTree = "<group>"; };
		BB9F9A3729EF17ED0093C6E5 /* QuantitySelectView.swift */ = {isa = PBXFileReference; lastKnownFileType = sourcecode.swift; path = QuantitySelectView.swift; sourceTree = "<group>"; };
		BB9F9A3D29EF278E0093C6E5 /* BannerView.swift */ = {isa = PBXFileReference; lastKnownFileType = sourcecode.swift; path = BannerView.swift; sourceTree = "<group>"; };
		BB9F9A3F29EF27D20093C6E5 /* ProductsGridView.swift */ = {isa = PBXFileReference; lastKnownFileType = sourcecode.swift; path = ProductsGridView.swift; sourceTree = "<group>"; };
		BB9F9A4229EF29A60093C6E5 /* ProductImage.swift */ = {isa = PBXFileReference; lastKnownFileType = sourcecode.swift; path = ProductImage.swift; sourceTree = "<group>"; };
		BBB59E0329F0598C0047B23F /* ProductsService */ = {isa = PBXFileReference; lastKnownFileType = wrapper; path = ProductsService; sourceTree = "<group>"; };
		BBB59E0929F069CE0047B23F /* ViewCartButtonView.swift */ = {isa = PBXFileReference; lastKnownFileType = sourcecode.swift; path = ViewCartButtonView.swift; sourceTree = "<group>"; };
		BBB59E0C29F06D9F0047B23F /* ProductCartView.swift */ = {isa = PBXFileReference; lastKnownFileType = sourcecode.swift; path = ProductCartView.swift; sourceTree = "<group>"; };
		BBB59E0E29F070B20047B23F /* CartView.swift */ = {isa = PBXFileReference; lastKnownFileType = sourcecode.swift; path = CartView.swift; sourceTree = "<group>"; };
		BBB59E1029F17F5D0047B23F /* PriceCartView.swift */ = {isa = PBXFileReference; lastKnownFileType = sourcecode.swift; path = PriceCartView.swift; sourceTree = "<group>"; };
		BBB59E1529F18DA70047B23F /* CircleButtonView.swift */ = {isa = PBXFileReference; lastKnownFileType = sourcecode.swift; path = CircleButtonView.swift; sourceTree = "<group>"; };
		BBB59E1829F18E170047B23F /* CircleButtonType.swift */ = {isa = PBXFileReference; lastKnownFileType = sourcecode.swift; path = CircleButtonType.swift; sourceTree = "<group>"; };
/* End PBXFileReference section */

/* Begin PBXFrameworksBuildPhase section */
		BB9F99FC29EDD44D0093C6E5 /* Frameworks */ = {
			isa = PBXFrameworksBuildPhase;
			buildActionMask = 2147483647;
			files = (
				BBB59E0629F059CA0047B23F /* ProductsService in Frameworks */,
			);
			runOnlyForDeploymentPostprocessing = 0;
		};
		BB9F9A0C29EDD44F0093C6E5 /* Frameworks */ = {
			isa = PBXFrameworksBuildPhase;
			buildActionMask = 2147483647;
			files = (
			);
			runOnlyForDeploymentPostprocessing = 0;
		};
		BB9F9A1629EDD44F0093C6E5 /* Frameworks */ = {
			isa = PBXFrameworksBuildPhase;
			buildActionMask = 2147483647;
			files = (
			);
			runOnlyForDeploymentPostprocessing = 0;
		};
/* End PBXFrameworksBuildPhase section */

/* Begin PBXGroup section */
		BB9F99F629EDD44D0093C6E5 = {
			isa = PBXGroup;
			children = (
				BBB59E0029F057490047B23F /* Packages */,
				BB9F9A0129EDD44D0093C6E5 /* Cabify Shop */,
				BB9F9A1229EDD44F0093C6E5 /* Cabify ShopTests */,
				BB9F9A1C29EDD44F0093C6E5 /* Cabify ShopUITests */,
				BB9F9A0029EDD44D0093C6E5 /* Products */,
				BBB59E0429F059AD0047B23F /* Frameworks */,
			);
			sourceTree = "<group>";
		};
		BB9F9A0029EDD44D0093C6E5 /* Products */ = {
			isa = PBXGroup;
			children = (
				BB9F99FF29EDD44D0093C6E5 /* Cabify Shop.app */,
				BB9F9A0F29EDD44F0093C6E5 /* Cabify ShopTests.xctest */,
				BB9F9A1929EDD44F0093C6E5 /* Cabify ShopUITests.xctest */,
			);
			name = Products;
			sourceTree = "<group>";
		};
		BB9F9A0129EDD44D0093C6E5 /* Cabify Shop */ = {
			isa = PBXGroup;
			children = (
				BB9F9A0229EDD44D0093C6E5 /* Cabify_ShopApp.swift */,
				BBB59E1729F18E090047B23F /* Models */,
				BB9F9A3029EF14260093C6E5 /* View Models */,
				BB9F9A2F29EF14220093C6E5 /* Views */,
				BB9F9A0629EDD44F0093C6E5 /* Assets.xcassets */,
				BB9F9A0829EDD44F0093C6E5 /* Preview Content */,
			);
			path = "Cabify Shop";
			sourceTree = "<group>";
		};
		BB9F9A0829EDD44F0093C6E5 /* Preview Content */ = {
			isa = PBXGroup;
			children = (
				BB9F9A0929EDD44F0093C6E5 /* Preview Assets.xcassets */,
			);
			path = "Preview Content";
			sourceTree = "<group>";
		};
		BB9F9A1229EDD44F0093C6E5 /* Cabify ShopTests */ = {
			isa = PBXGroup;
			children = (
				BB9F9A1329EDD44F0093C6E5 /* Cabify_ShopTests.swift */,
			);
			path = "Cabify ShopTests";
			sourceTree = "<group>";
		};
		BB9F9A1C29EDD44F0093C6E5 /* Cabify ShopUITests */ = {
			isa = PBXGroup;
			children = (
				BB9F9A1D29EDD44F0093C6E5 /* Cabify_ShopUITests.swift */,
				BB9F9A1F29EDD44F0093C6E5 /* Cabify_ShopUITestsLaunchTests.swift */,
			);
			path = "Cabify ShopUITests";
			sourceTree = "<group>";
		};
		BB9F9A2F29EF14220093C6E5 /* Views */ = {
			isa = PBXGroup;
			children = (
				BBB59E1429F18D9C0047B23F /* General */,
				BBB59E0B29F06D900047B23F /* Cart */,
				BB9F9A4129EF28BE0093C6E5 /* Product */,
				BB9F9A3C29EF274C0093C6E5 /* Browse */,
			);
			path = Views;
			sourceTree = "<group>";
		};
		BB9F9A3029EF14260093C6E5 /* View Models */ = {
			isa = PBXGroup;
			children = (
				BB9F9A2C29EF13A50093C6E5 /* BrowseView-ViewModel.swift */,
			);
			path = "View Models";
			sourceTree = "<group>";
		};
		BB9F9A3C29EF274C0093C6E5 /* Browse */ = {
			isa = PBXGroup;
			children = (
				BB9F9A0429EDD44D0093C6E5 /* BrowseView.swift */,
				BBB59E0929F069CE0047B23F /* ViewCartButtonView.swift */,
				BB9F9A3F29EF27D20093C6E5 /* ProductsGridView.swift */,
				BB9F9A3D29EF278E0093C6E5 /* BannerView.swift */,
			);
			path = Browse;
			sourceTree = "<group>";
		};
		BB9F9A4129EF28BE0093C6E5 /* Product */ = {
			isa = PBXGroup;
			children = (
				BB9F9A3529EF14910093C6E5 /* ProductView.swift */,
				BB9F9A3729EF17ED0093C6E5 /* QuantitySelectView.swift */,
				BB9F9A4229EF29A60093C6E5 /* ProductImage.swift */,
			);
			path = Product;
			sourceTree = "<group>";
		};
		BBB59E0029F057490047B23F /* Packages */ = {
			isa = PBXGroup;
			children = (
				BBB59E0329F0598C0047B23F /* ProductsService */,
			);
			path = Packages;
			sourceTree = "<group>";
		};
		BBB59E0429F059AD0047B23F /* Frameworks */ = {
			isa = PBXGroup;
			children = (
			);
			name = Frameworks;
			sourceTree = "<group>";
		};
		BBB59E0B29F06D900047B23F /* Cart */ = {
			isa = PBXGroup;
			children = (
				BBB59E0C29F06D9F0047B23F /* ProductCartView.swift */,
				BBB59E0E29F070B20047B23F /* CartView.swift */,
				BBB59E1029F17F5D0047B23F /* PriceCartView.swift */,
			);
			path = Cart;
			sourceTree = "<group>";
		};
		BBB59E1429F18D9C0047B23F /* General */ = {
			isa = PBXGroup;
			children = (
				BBB59E1529F18DA70047B23F /* CircleButtonView.swift */,
			);
			path = General;
			sourceTree = "<group>";
		};
		BBB59E1729F18E090047B23F /* Models */ = {
			isa = PBXGroup;
			children = (
				BBB59E1829F18E170047B23F /* CircleButtonType.swift */,
			);
			path = Models;
			sourceTree = "<group>";
		};
/* End PBXGroup section */

/* Begin PBXNativeTarget section */
		BB9F99FE29EDD44D0093C6E5 /* Cabify Shop */ = {
			isa = PBXNativeTarget;
			buildConfigurationList = BB9F9A2329EDD44F0093C6E5 /* Build configuration list for PBXNativeTarget "Cabify Shop" */;
			buildPhases = (
				BB9F99FB29EDD44D0093C6E5 /* Sources */,
				BB9F99FC29EDD44D0093C6E5 /* Frameworks */,
				BB9F99FD29EDD44D0093C6E5 /* Resources */,
			);
			buildRules = (
			);
			dependencies = (
			);
			name = "Cabify Shop";
			packageProductDependencies = (
				BBB59E0529F059CA0047B23F /* ProductsService */,
			);
			productName = "Cabify Shop";
			productReference = BB9F99FF29EDD44D0093C6E5 /* Cabify Shop.app */;
			productType = "com.apple.product-type.application";
		};
		BB9F9A0E29EDD44F0093C6E5 /* Cabify ShopTests */ = {
			isa = PBXNativeTarget;
			buildConfigurationList = BB9F9A2629EDD44F0093C6E5 /* Build configuration list for PBXNativeTarget "Cabify ShopTests" */;
			buildPhases = (
				BB9F9A0B29EDD44F0093C6E5 /* Sources */,
				BB9F9A0C29EDD44F0093C6E5 /* Frameworks */,
				BB9F9A0D29EDD44F0093C6E5 /* Resources */,
			);
			buildRules = (
			);
			dependencies = (
				BB9F9A1129EDD44F0093C6E5 /* PBXTargetDependency */,
			);
			name = "Cabify ShopTests";
			productName = "Cabify ShopTests";
			productReference = BB9F9A0F29EDD44F0093C6E5 /* Cabify ShopTests.xctest */;
			productType = "com.apple.product-type.bundle.unit-test";
		};
		BB9F9A1829EDD44F0093C6E5 /* Cabify ShopUITests */ = {
			isa = PBXNativeTarget;
			buildConfigurationList = BB9F9A2929EDD44F0093C6E5 /* Build configuration list for PBXNativeTarget "Cabify ShopUITests" */;
			buildPhases = (
				BB9F9A1529EDD44F0093C6E5 /* Sources */,
				BB9F9A1629EDD44F0093C6E5 /* Frameworks */,
				BB9F9A1729EDD44F0093C6E5 /* Resources */,
			);
			buildRules = (
			);
			dependencies = (
				BB9F9A1B29EDD44F0093C6E5 /* PBXTargetDependency */,
			);
			name = "Cabify ShopUITests";
			productName = "Cabify ShopUITests";
			productReference = BB9F9A1929EDD44F0093C6E5 /* Cabify ShopUITests.xctest */;
			productType = "com.apple.product-type.bundle.ui-testing";
		};
/* End PBXNativeTarget section */

/* Begin PBXProject section */
		BB9F99F729EDD44D0093C6E5 /* Project object */ = {
			isa = PBXProject;
			attributes = {
				BuildIndependentTargetsInParallel = 1;
				LastSwiftUpdateCheck = 1410;
				LastUpgradeCheck = 1410;
				TargetAttributes = {
					BB9F99FE29EDD44D0093C6E5 = {
						CreatedOnToolsVersion = 14.1;
					};
					BB9F9A0E29EDD44F0093C6E5 = {
						CreatedOnToolsVersion = 14.1;
						TestTargetID = BB9F99FE29EDD44D0093C6E5;
					};
					BB9F9A1829EDD44F0093C6E5 = {
						CreatedOnToolsVersion = 14.1;
						TestTargetID = BB9F99FE29EDD44D0093C6E5;
					};
				};
			};
			buildConfigurationList = BB9F99FA29EDD44D0093C6E5 /* Build configuration list for PBXProject "Cabify Shop" */;
			compatibilityVersion = "Xcode 14.0";
			developmentRegion = en;
			hasScannedForEncodings = 0;
			knownRegions = (
				en,
				Base,
			);
			mainGroup = BB9F99F629EDD44D0093C6E5;
			productRefGroup = BB9F9A0029EDD44D0093C6E5 /* Products */;
			projectDirPath = "";
			projectRoot = "";
			targets = (
				BB9F99FE29EDD44D0093C6E5 /* Cabify Shop */,
				BB9F9A0E29EDD44F0093C6E5 /* Cabify ShopTests */,
				BB9F9A1829EDD44F0093C6E5 /* Cabify ShopUITests */,
			);
		};
/* End PBXProject section */

/* Begin PBXResourcesBuildPhase section */
		BB9F99FD29EDD44D0093C6E5 /* Resources */ = {
			isa = PBXResourcesBuildPhase;
			buildActionMask = 2147483647;
			files = (
				BB9F9A0A29EDD44F0093C6E5 /* Preview Assets.xcassets in Resources */,
				BB9F9A0729EDD44F0093C6E5 /* Assets.xcassets in Resources */,
			);
			runOnlyForDeploymentPostprocessing = 0;
		};
		BB9F9A0D29EDD44F0093C6E5 /* Resources */ = {
			isa = PBXResourcesBuildPhase;
			buildActionMask = 2147483647;
			files = (
			);
			runOnlyForDeploymentPostprocessing = 0;
		};
		BB9F9A1729EDD44F0093C6E5 /* Resources */ = {
			isa = PBXResourcesBuildPhase;
			buildActionMask = 2147483647;
			files = (
			);
			runOnlyForDeploymentPostprocessing = 0;
		};
/* End PBXResourcesBuildPhase section */

/* Begin PBXSourcesBuildPhase section */
		BB9F99FB29EDD44D0093C6E5 /* Sources */ = {
			isa = PBXSourcesBuildPhase;
			buildActionMask = 2147483647;
			files = (
				BB9F9A4329EF29A60093C6E5 /* ProductImage.swift in Sources */,
				BBB59E1929F18E170047B23F /* CircleButtonType.swift in Sources */,
				BBB59E0F29F070B20047B23F /* CartView.swift in Sources */,
				BBB59E1629F18DA70047B23F /* CircleButtonView.swift in Sources */,
				BB9F9A0529EDD44D0093C6E5 /* BrowseView.swift in Sources */,
				BB9F9A4029EF27D20093C6E5 /* ProductsGridView.swift in Sources */,
				BB9F9A2D29EF13A50093C6E5 /* BrowseView-ViewModel.swift in Sources */,
				BBB59E0A29F069CE0047B23F /* ViewCartButtonView.swift in Sources */,
				BB9F9A3E29EF278E0093C6E5 /* BannerView.swift in Sources */,
				BB9F9A3629EF14910093C6E5 /* ProductView.swift in Sources */,
				BB9F9A0329EDD44D0093C6E5 /* Cabify_ShopApp.swift in Sources */,
				BBB59E0D29F06D9F0047B23F /* ProductCartView.swift in Sources */,
				BB9F9A3829EF17ED0093C6E5 /* QuantitySelectView.swift in Sources */,
				BBB59E1129F17F5D0047B23F /* PriceCartView.swift in Sources */,
			);
			runOnlyForDeploymentPostprocessing = 0;
		};
		BB9F9A0B29EDD44F0093C6E5 /* Sources */ = {
			isa = PBXSourcesBuildPhase;
			buildActionMask = 2147483647;
			files = (
				BB9F9A1429EDD44F0093C6E5 /* Cabify_ShopTests.swift in Sources */,
			);
			runOnlyForDeploymentPostprocessing = 0;
		};
		BB9F9A1529EDD44F0093C6E5 /* Sources */ = {
			isa = PBXSourcesBuildPhase;
			buildActionMask = 2147483647;
			files = (
				BB9F9A2029EDD44F0093C6E5 /* Cabify_ShopUITestsLaunchTests.swift in Sources */,
				BB9F9A1E29EDD44F0093C6E5 /* Cabify_ShopUITests.swift in Sources */,
			);
			runOnlyForDeploymentPostprocessing = 0;
		};
/* End PBXSourcesBuildPhase section */

/* Begin PBXTargetDependency section */
		BB9F9A1129EDD44F0093C6E5 /* PBXTargetDependency */ = {
			isa = PBXTargetDependency;
			target = BB9F99FE29EDD44D0093C6E5 /* Cabify Shop */;
			targetProxy = BB9F9A1029EDD44F0093C6E5 /* PBXContainerItemProxy */;
		};
		BB9F9A1B29EDD44F0093C6E5 /* PBXTargetDependency */ = {
			isa = PBXTargetDependency;
			target = BB9F99FE29EDD44D0093C6E5 /* Cabify Shop */;
			targetProxy = BB9F9A1A29EDD44F0093C6E5 /* PBXContainerItemProxy */;
		};
/* End PBXTargetDependency section */

/* Begin XCBuildConfiguration section */
		BB9F9A2129EDD44F0093C6E5 /* Debug */ = {
			isa = XCBuildConfiguration;
			buildSettings = {
				ALWAYS_SEARCH_USER_PATHS = NO;
				CLANG_ANALYZER_NONNULL = YES;
				CLANG_ANALYZER_NUMBER_OBJECT_CONVERSION = YES_AGGRESSIVE;
				CLANG_CXX_LANGUAGE_STANDARD = "gnu++20";
				CLANG_ENABLE_MODULES = YES;
				CLANG_ENABLE_OBJC_ARC = YES;
				CLANG_ENABLE_OBJC_WEAK = YES;
				CLANG_WARN_BLOCK_CAPTURE_AUTORELEASING = YES;
				CLANG_WARN_BOOL_CONVERSION = YES;
				CLANG_WARN_COMMA = YES;
				CLANG_WARN_CONSTANT_CONVERSION = YES;
				CLANG_WARN_DEPRECATED_OBJC_IMPLEMENTATIONS = YES;
				CLANG_WARN_DIRECT_OBJC_ISA_USAGE = YES_ERROR;
				CLANG_WARN_DOCUMENTATION_COMMENTS = YES;
				CLANG_WARN_EMPTY_BODY = YES;
				CLANG_WARN_ENUM_CONVERSION = YES;
				CLANG_WARN_INFINITE_RECURSION = YES;
				CLANG_WARN_INT_CONVERSION = YES;
				CLANG_WARN_NON_LITERAL_NULL_CONVERSION = YES;
				CLANG_WARN_OBJC_IMPLICIT_RETAIN_SELF = YES;
				CLANG_WARN_OBJC_LITERAL_CONVERSION = YES;
				CLANG_WARN_OBJC_ROOT_CLASS = YES_ERROR;
				CLANG_WARN_QUOTED_INCLUDE_IN_FRAMEWORK_HEADER = YES;
				CLANG_WARN_RANGE_LOOP_ANALYSIS = YES;
				CLANG_WARN_STRICT_PROTOTYPES = YES;
				CLANG_WARN_SUSPICIOUS_MOVE = YES;
				CLANG_WARN_UNGUARDED_AVAILABILITY = YES_AGGRESSIVE;
				CLANG_WARN_UNREACHABLE_CODE = YES;
				CLANG_WARN__DUPLICATE_METHOD_MATCH = YES;
				COPY_PHASE_STRIP = NO;
				DEBUG_INFORMATION_FORMAT = dwarf;
				ENABLE_STRICT_OBJC_MSGSEND = YES;
				ENABLE_TESTABILITY = YES;
				GCC_C_LANGUAGE_STANDARD = gnu11;
				GCC_DYNAMIC_NO_PIC = NO;
				GCC_NO_COMMON_BLOCKS = YES;
				GCC_OPTIMIZATION_LEVEL = 0;
				GCC_PREPROCESSOR_DEFINITIONS = (
					"DEBUG=1",
					"$(inherited)",
				);
				GCC_WARN_64_TO_32_BIT_CONVERSION = YES;
				GCC_WARN_ABOUT_RETURN_TYPE = YES_ERROR;
				GCC_WARN_UNDECLARED_SELECTOR = YES;
				GCC_WARN_UNINITIALIZED_AUTOS = YES_AGGRESSIVE;
				GCC_WARN_UNUSED_FUNCTION = YES;
				GCC_WARN_UNUSED_VARIABLE = YES;
				IPHONEOS_DEPLOYMENT_TARGET = 16.1;
				MTL_ENABLE_DEBUG_INFO = INCLUDE_SOURCE;
				MTL_FAST_MATH = YES;
				ONLY_ACTIVE_ARCH = YES;
				SDKROOT = iphoneos;
				SWIFT_ACTIVE_COMPILATION_CONDITIONS = DEBUG;
				SWIFT_OPTIMIZATION_LEVEL = "-Onone";
			};
			name = Debug;
		};
		BB9F9A2229EDD44F0093C6E5 /* Release */ = {
			isa = XCBuildConfiguration;
			buildSettings = {
				ALWAYS_SEARCH_USER_PATHS = NO;
				CLANG_ANALYZER_NONNULL = YES;
				CLANG_ANALYZER_NUMBER_OBJECT_CONVERSION = YES_AGGRESSIVE;
				CLANG_CXX_LANGUAGE_STANDARD = "gnu++20";
				CLANG_ENABLE_MODULES = YES;
				CLANG_ENABLE_OBJC_ARC = YES;
				CLANG_ENABLE_OBJC_WEAK = YES;
				CLANG_WARN_BLOCK_CAPTURE_AUTORELEASING = YES;
				CLANG_WARN_BOOL_CONVERSION = YES;
				CLANG_WARN_COMMA = YES;
				CLANG_WARN_CONSTANT_CONVERSION = YES;
				CLANG_WARN_DEPRECATED_OBJC_IMPLEMENTATIONS = YES;
				CLANG_WARN_DIRECT_OBJC_ISA_USAGE = YES_ERROR;
				CLANG_WARN_DOCUMENTATION_COMMENTS = YES;
				CLANG_WARN_EMPTY_BODY = YES;
				CLANG_WARN_ENUM_CONVERSION = YES;
				CLANG_WARN_INFINITE_RECURSION = YES;
				CLANG_WARN_INT_CONVERSION = YES;
				CLANG_WARN_NON_LITERAL_NULL_CONVERSION = YES;
				CLANG_WARN_OBJC_IMPLICIT_RETAIN_SELF = YES;
				CLANG_WARN_OBJC_LITERAL_CONVERSION = YES;
				CLANG_WARN_OBJC_ROOT_CLASS = YES_ERROR;
				CLANG_WARN_QUOTED_INCLUDE_IN_FRAMEWORK_HEADER = YES;
				CLANG_WARN_RANGE_LOOP_ANALYSIS = YES;
				CLANG_WARN_STRICT_PROTOTYPES = YES;
				CLANG_WARN_SUSPICIOUS_MOVE = YES;
				CLANG_WARN_UNGUARDED_AVAILABILITY = YES_AGGRESSIVE;
				CLANG_WARN_UNREACHABLE_CODE = YES;
				CLANG_WARN__DUPLICATE_METHOD_MATCH = YES;
				COPY_PHASE_STRIP = NO;
				DEBUG_INFORMATION_FORMAT = "dwarf-with-dsym";
				ENABLE_NS_ASSERTIONS = NO;
				ENABLE_STRICT_OBJC_MSGSEND = YES;
				GCC_C_LANGUAGE_STANDARD = gnu11;
				GCC_NO_COMMON_BLOCKS = YES;
				GCC_WARN_64_TO_32_BIT_CONVERSION = YES;
				GCC_WARN_ABOUT_RETURN_TYPE = YES_ERROR;
				GCC_WARN_UNDECLARED_SELECTOR = YES;
				GCC_WARN_UNINITIALIZED_AUTOS = YES_AGGRESSIVE;
				GCC_WARN_UNUSED_FUNCTION = YES;
				GCC_WARN_UNUSED_VARIABLE = YES;
				IPHONEOS_DEPLOYMENT_TARGET = 16.1;
				MTL_ENABLE_DEBUG_INFO = NO;
				MTL_FAST_MATH = YES;
				SDKROOT = iphoneos;
				SWIFT_COMPILATION_MODE = wholemodule;
				SWIFT_OPTIMIZATION_LEVEL = "-O";
				VALIDATE_PRODUCT = YES;
			};
			name = Release;
		};
		BB9F9A2429EDD44F0093C6E5 /* Debug */ = {
			isa = XCBuildConfiguration;
			buildSettings = {
				ASSETCATALOG_COMPILER_APPICON_NAME = AppIcon;
				ASSETCATALOG_COMPILER_GLOBAL_ACCENT_COLOR_NAME = AccentColor;
				CODE_SIGN_STYLE = Automatic;
				CURRENT_PROJECT_VERSION = 1;
				DEVELOPMENT_ASSET_PATHS = "\"Cabify Shop/Preview Content\"";
				DEVELOPMENT_TEAM = NGW7S9DH6U;
				ENABLE_PREVIEWS = YES;
				GENERATE_INFOPLIST_FILE = YES;
				INFOPLIST_KEY_UIApplicationSceneManifest_Generation = YES;
				INFOPLIST_KEY_UIApplicationSupportsIndirectInputEvents = YES;
				INFOPLIST_KEY_UILaunchScreen_Generation = YES;
				INFOPLIST_KEY_UISupportedInterfaceOrientations_iPad = "UIInterfaceOrientationPortrait UIInterfaceOrientationPortraitUpsideDown UIInterfaceOrientationLandscapeLeft UIInterfaceOrientationLandscapeRight";
				INFOPLIST_KEY_UISupportedInterfaceOrientations_iPhone = "UIInterfaceOrientationPortrait UIInterfaceOrientationLandscapeLeft UIInterfaceOrientationLandscapeRight";
				LD_RUNPATH_SEARCH_PATHS = (
					"$(inherited)",
					"@executable_path/Frameworks",
				);
				MARKETING_VERSION = 1.0;
				PRODUCT_BUNDLE_IDENTIFIER = "com.cabify.Cabify-Shop";
				PRODUCT_NAME = "$(TARGET_NAME)";
				SWIFT_EMIT_LOC_STRINGS = YES;
				SWIFT_VERSION = 5.0;
				TARGETED_DEVICE_FAMILY = "1,2";
			};
			name = Debug;
		};
		BB9F9A2529EDD44F0093C6E5 /* Release */ = {
			isa = XCBuildConfiguration;
			buildSettings = {
				ASSETCATALOG_COMPILER_APPICON_NAME = AppIcon;
				ASSETCATALOG_COMPILER_GLOBAL_ACCENT_COLOR_NAME = AccentColor;
				CODE_SIGN_STYLE = Automatic;
				CURRENT_PROJECT_VERSION = 1;
				DEVELOPMENT_ASSET_PATHS = "\"Cabify Shop/Preview Content\"";
				DEVELOPMENT_TEAM = NGW7S9DH6U;
				ENABLE_PREVIEWS = YES;
				GENERATE_INFOPLIST_FILE = YES;
				INFOPLIST_KEY_UIApplicationSceneManifest_Generation = YES;
				INFOPLIST_KEY_UIApplicationSupportsIndirectInputEvents = YES;
				INFOPLIST_KEY_UILaunchScreen_Generation = YES;
				INFOPLIST_KEY_UISupportedInterfaceOrientations_iPad = "UIInterfaceOrientationPortrait UIInterfaceOrientationPortraitUpsideDown UIInterfaceOrientationLandscapeLeft UIInterfaceOrientationLandscapeRight";
				INFOPLIST_KEY_UISupportedInterfaceOrientations_iPhone = "UIInterfaceOrientationPortrait UIInterfaceOrientationLandscapeLeft UIInterfaceOrientationLandscapeRight";
				LD_RUNPATH_SEARCH_PATHS = (
					"$(inherited)",
					"@executable_path/Frameworks",
				);
				MARKETING_VERSION = 1.0;
				PRODUCT_BUNDLE_IDENTIFIER = "com.cabify.Cabify-Shop";
				PRODUCT_NAME = "$(TARGET_NAME)";
				SWIFT_EMIT_LOC_STRINGS = YES;
				SWIFT_VERSION = 5.0;
				TARGETED_DEVICE_FAMILY = "1,2";
			};
			name = Release;
		};
		BB9F9A2729EDD44F0093C6E5 /* Debug */ = {
			isa = XCBuildConfiguration;
			buildSettings = {
				ALWAYS_EMBED_SWIFT_STANDARD_LIBRARIES = YES;
				BUNDLE_LOADER = "$(TEST_HOST)";
				CODE_SIGN_STYLE = Automatic;
				CURRENT_PROJECT_VERSION = 1;
				DEVELOPMENT_TEAM = NGW7S9DH6U;
				GENERATE_INFOPLIST_FILE = YES;
				IPHONEOS_DEPLOYMENT_TARGET = 16.1;
				MARKETING_VERSION = 1.0;
				PRODUCT_BUNDLE_IDENTIFIER = "com.cabify.Cabify-ShopTests";
				PRODUCT_NAME = "$(TARGET_NAME)";
				SWIFT_EMIT_LOC_STRINGS = NO;
				SWIFT_VERSION = 5.0;
				TARGETED_DEVICE_FAMILY = "1,2";
				TEST_HOST = "$(BUILT_PRODUCTS_DIR)/Cabify Shop.app/$(BUNDLE_EXECUTABLE_FOLDER_PATH)/Cabify Shop";
			};
			name = Debug;
		};
		BB9F9A2829EDD44F0093C6E5 /* Release */ = {
			isa = XCBuildConfiguration;
			buildSettings = {
				ALWAYS_EMBED_SWIFT_STANDARD_LIBRARIES = YES;
				BUNDLE_LOADER = "$(TEST_HOST)";
				CODE_SIGN_STYLE = Automatic;
				CURRENT_PROJECT_VERSION = 1;
				DEVELOPMENT_TEAM = NGW7S9DH6U;
				GENERATE_INFOPLIST_FILE = YES;
				IPHONEOS_DEPLOYMENT_TARGET = 16.1;
				MARKETING_VERSION = 1.0;
				PRODUCT_BUNDLE_IDENTIFIER = "com.cabify.Cabify-ShopTests";
				PRODUCT_NAME = "$(TARGET_NAME)";
				SWIFT_EMIT_LOC_STRINGS = NO;
				SWIFT_VERSION = 5.0;
				TARGETED_DEVICE_FAMILY = "1,2";
				TEST_HOST = "$(BUILT_PRODUCTS_DIR)/Cabify Shop.app/$(BUNDLE_EXECUTABLE_FOLDER_PATH)/Cabify Shop";
			};
			name = Release;
		};
		BB9F9A2A29EDD44F0093C6E5 /* Debug */ = {
			isa = XCBuildConfiguration;
			buildSettings = {
				ALWAYS_EMBED_SWIFT_STANDARD_LIBRARIES = YES;
				CODE_SIGN_STYLE = Automatic;
				CURRENT_PROJECT_VERSION = 1;
				DEVELOPMENT_TEAM = NGW7S9DH6U;
				GENERATE_INFOPLIST_FILE = YES;
				MARKETING_VERSION = 1.0;
				PRODUCT_BUNDLE_IDENTIFIER = "com.cabify.Cabify-ShopUITests";
				PRODUCT_NAME = "$(TARGET_NAME)";
				SWIFT_EMIT_LOC_STRINGS = NO;
				SWIFT_VERSION = 5.0;
				TARGETED_DEVICE_FAMILY = "1,2";
				TEST_TARGET_NAME = "Cabify Shop";
			};
			name = Debug;
		};
		BB9F9A2B29EDD44F0093C6E5 /* Release */ = {
			isa = XCBuildConfiguration;
			buildSettings = {
				ALWAYS_EMBED_SWIFT_STANDARD_LIBRARIES = YES;
				CODE_SIGN_STYLE = Automatic;
				CURRENT_PROJECT_VERSION = 1;
				DEVELOPMENT_TEAM = NGW7S9DH6U;
				GENERATE_INFOPLIST_FILE = YES;
				MARKETING_VERSION = 1.0;
				PRODUCT_BUNDLE_IDENTIFIER = "com.cabify.Cabify-ShopUITests";
				PRODUCT_NAME = "$(TARGET_NAME)";
				SWIFT_EMIT_LOC_STRINGS = NO;
				SWIFT_VERSION = 5.0;
				TARGETED_DEVICE_FAMILY = "1,2";
				TEST_TARGET_NAME = "Cabify Shop";
			};
			name = Release;
		};
/* End XCBuildConfiguration section */

/* Begin XCConfigurationList section */
		BB9F99FA29EDD44D0093C6E5 /* Build configuration list for PBXProject "Cabify Shop" */ = {
			isa = XCConfigurationList;
			buildConfigurations = (
				BB9F9A2129EDD44F0093C6E5 /* Debug */,
				BB9F9A2229EDD44F0093C6E5 /* Release */,
			);
			defaultConfigurationIsVisible = 0;
			defaultConfigurationName = Release;
		};
		BB9F9A2329EDD44F0093C6E5 /* Build configuration list for PBXNativeTarget "Cabify Shop" */ = {
			isa = XCConfigurationList;
			buildConfigurations = (
				BB9F9A2429EDD44F0093C6E5 /* Debug */,
				BB9F9A2529EDD44F0093C6E5 /* Release */,
			);
			defaultConfigurationIsVisible = 0;
			defaultConfigurationName = Release;
		};
		BB9F9A2629EDD44F0093C6E5 /* Build configuration list for PBXNativeTarget "Cabify ShopTests" */ = {
			isa = XCConfigurationList;
			buildConfigurations = (
				BB9F9A2729EDD44F0093C6E5 /* Debug */,
				BB9F9A2829EDD44F0093C6E5 /* Release */,
			);
			defaultConfigurationIsVisible = 0;
			defaultConfigurationName = Release;
		};
		BB9F9A2929EDD44F0093C6E5 /* Build configuration list for PBXNativeTarget "Cabify ShopUITests" */ = {
			isa = XCConfigurationList;
			buildConfigurations = (
				BB9F9A2A29EDD44F0093C6E5 /* Debug */,
				BB9F9A2B29EDD44F0093C6E5 /* Release */,
			);
			defaultConfigurationIsVisible = 0;
			defaultConfigurationName = Release;
		};
/* End XCConfigurationList section */

/* Begin XCSwiftPackageProductDependency section */
		BBB59E0529F059CA0047B23F /* ProductsService */ = {
			isa = XCSwiftPackageProductDependency;
			productName = ProductsService;
		};
/* End XCSwiftPackageProductDependency section */
	};
	rootObject = BB9F99F729EDD44D0093C6E5 /* Project object */;
}
